// !$*UTF8*$!
{
	archiveVersion = 1;
	classes = {
	};
	objectVersion = 56;
	objects = {

/* Begin PBXBuildFile section */
		F55B9FA32C91DF1000BFE8B8 /* SearchResults.swift in Sources */ = {isa = PBXBuildFile; fileRef = F55B9FA22C91DF1000BFE8B8 /* SearchResults.swift */; };
		F55DF7832C9362F600EB1F75 /* ImageView.swift in Sources */ = {isa = PBXBuildFile; fileRef = F55DF7822C9362F600EB1F75 /* ImageView.swift */; };
		F55DF7882C9390BC00EB1F75 /* SearchFilter.swift in Sources */ = {isa = PBXBuildFile; fileRef = F55DF7872C9390BC00EB1F75 /* SearchFilter.swift */; };
		F56056A52C943F1F004E5BAD /* SongDetailView.swift in Sources */ = {isa = PBXBuildFile; fileRef = F56056A42C943F1F004E5BAD /* SongDetailView.swift */; };
		F58030E82C905B2D00CA4F2D /* Feed.swift in Sources */ = {isa = PBXBuildFile; fileRef = F58030E72C905B2D00CA4F2D /* Feed.swift */; };
		F58030EA2C905C3600CA4F2D /* ChartsDE.json in Resources */ = {isa = PBXBuildFile; fileRef = F58030E92C905C3600CA4F2D /* ChartsDE.json */; };
		F58AF3862C9199460045F209 /* Country.swift in Sources */ = {isa = PBXBuildFile; fileRef = F58AF3852C9199460045F209 /* Country.swift */; };
		F58AF38A2C919A490045F209 /* ChartsUS.json in Resources */ = {isa = PBXBuildFile; fileRef = F58AF3892C919A490045F209 /* ChartsUS.json */; };
		F58AF38C2C919AA60045F209 /* Tab.swift in Sources */ = {isa = PBXBuildFile; fileRef = F58AF38B2C919AA60045F209 /* Tab.swift */; };
		F58AF38E2C919F1B0045F209 /* HTTPError.swift in Sources */ = {isa = PBXBuildFile; fileRef = F58AF38D2C919F1B0045F209 /* HTTPError.swift */; };
		F58AF3902C91BA970045F209 /* NavigatorView.swift in Sources */ = {isa = PBXBuildFile; fileRef = F58AF38F2C91BA970045F209 /* NavigatorView.swift */; };
		F58AF3942C91BB070045F209 /* SearchView.swift in Sources */ = {isa = PBXBuildFile; fileRef = F58AF3932C91BB070045F209 /* SearchView.swift */; };
		F5B06FBB2C8F0BE400F682FC /* MusicPlayerApp.swift in Sources */ = {isa = PBXBuildFile; fileRef = F5B06FBA2C8F0BE400F682FC /* MusicPlayerApp.swift */; };
		F5B06FBF2C8F0BE600F682FC /* Assets.xcassets in Resources */ = {isa = PBXBuildFile; fileRef = F5B06FBE2C8F0BE600F682FC /* Assets.xcassets */; };
		F5B06FC22C8F0BE600F682FC /* Preview Assets.xcassets in Resources */ = {isa = PBXBuildFile; fileRef = F5B06FC12C8F0BE600F682FC /* Preview Assets.xcassets */; };
		F5B06FCA2C8F0C1900F682FC /* ChartView.swift in Sources */ = {isa = PBXBuildFile; fileRef = F5B06FC92C8F0C1900F682FC /* ChartView.swift */; };
/* End PBXBuildFile section */

/* Begin PBXFileReference section */
		F55B9FA22C91DF1000BFE8B8 /* SearchResults.swift */ = {isa = PBXFileReference; lastKnownFileType = sourcecode.swift; path = SearchResults.swift; sourceTree = "<group>"; };
		F55DF7822C9362F600EB1F75 /* ImageView.swift */ = {isa = PBXFileReference; lastKnownFileType = sourcecode.swift; path = ImageView.swift; sourceTree = "<group>"; };
		F55DF7872C9390BC00EB1F75 /* SearchFilter.swift */ = {isa = PBXFileReference; lastKnownFileType = sourcecode.swift; path = SearchFilter.swift; sourceTree = "<group>"; };
		F56056A42C943F1F004E5BAD /* SongDetailView.swift */ = {isa = PBXFileReference; lastKnownFileType = sourcecode.swift; path = SongDetailView.swift; sourceTree = "<group>"; };
		F58030E72C905B2D00CA4F2D /* Feed.swift */ = {isa = PBXFileReference; lastKnownFileType = sourcecode.swift; path = Feed.swift; sourceTree = "<group>"; };
		F58030E92C905C3600CA4F2D /* ChartsDE.json */ = {isa = PBXFileReference; lastKnownFileType = text.json; path = ChartsDE.json; sourceTree = "<group>"; };
		F58AF3852C9199460045F209 /* Country.swift */ = {isa = PBXFileReference; lastKnownFileType = sourcecode.swift; path = Country.swift; sourceTree = "<group>"; };
		F58AF3892C919A490045F209 /* ChartsUS.json */ = {isa = PBXFileReference; lastKnownFileType = text.json; path = ChartsUS.json; sourceTree = "<group>"; };
		F58AF38B2C919AA60045F209 /* Tab.swift */ = {isa = PBXFileReference; lastKnownFileType = sourcecode.swift; path = Tab.swift; sourceTree = "<group>"; };
		F58AF38D2C919F1B0045F209 /* HTTPError.swift */ = {isa = PBXFileReference; lastKnownFileType = sourcecode.swift; path = HTTPError.swift; sourceTree = "<group>"; };
		F58AF38F2C91BA970045F209 /* NavigatorView.swift */ = {isa = PBXFileReference; lastKnownFileType = sourcecode.swift; path = NavigatorView.swift; sourceTree = "<group>"; };
		F58AF3932C91BB070045F209 /* SearchView.swift */ = {isa = PBXFileReference; lastKnownFileType = sourcecode.swift; path = SearchView.swift; sourceTree = "<group>"; };
		F5B06FB72C8F0BE400F682FC /* MusicPlayer.app */ = {isa = PBXFileReference; explicitFileType = wrapper.application; includeInIndex = 0; path = MusicPlayer.app; sourceTree = BUILT_PRODUCTS_DIR; };
		F5B06FBA2C8F0BE400F682FC /* MusicPlayerApp.swift */ = {isa = PBXFileReference; lastKnownFileType = sourcecode.swift; path = MusicPlayerApp.swift; sourceTree = "<group>"; };
		F5B06FBE2C8F0BE600F682FC /* Assets.xcassets */ = {isa = PBXFileReference; lastKnownFileType = folder.assetcatalog; path = Assets.xcassets; sourceTree = "<group>"; };
		F5B06FC12C8F0BE600F682FC /* Preview Assets.xcassets */ = {isa = PBXFileReference; lastKnownFileType = folder.assetcatalog; path = "Preview Assets.xcassets"; sourceTree = "<group>"; };
		F5B06FC92C8F0C1900F682FC /* ChartView.swift */ = {isa = PBXFileReference; lastKnownFileType = sourcecode.swift; path = ChartView.swift; sourceTree = "<group>"; };
/* End PBXFileReference section */

/* Begin PBXFrameworksBuildPhase section */
		F5B06FB42C8F0BE400F682FC /* Frameworks */ = {
			isa = PBXFrameworksBuildPhase;
			buildActionMask = 2147483647;
			files = (
			);
			runOnlyForDeploymentPostprocessing = 0;
		};
/* End PBXFrameworksBuildPhase section */

/* Begin PBXGroup section */
		F55DF7812C93624100EB1F75 /* Components */ = {
			isa = PBXGroup;
			children = (
				F55DF7822C9362F600EB1F75 /* ImageView.swift */,
			);
			path = Components;
			sourceTree = "<group>";
		};
		F56056A72C9490FD004E5BAD /* Detail */ = {
			isa = PBXGroup;
			children = (
				F56056A42C943F1F004E5BAD /* SongDetailView.swift */,
			);
			path = Detail;
			sourceTree = "<group>";
		};
		F58030BF2C902D7000CA4F2D /* Models */ = {
			isa = PBXGroup;
			children = (
				F58030E72C905B2D00CA4F2D /* Feed.swift */,
				F55B9FA22C91DF1000BFE8B8 /* SearchResults.swift */,
			);
			path = Models;
			sourceTree = "<group>";
		};
		F58AF3822C9198D10045F209 /* Utilities */ = {
			isa = PBXGroup;
			children = (
				F58AF3832C9198E70045F209 /* Enum */,
			);
			path = Utilities;
			sourceTree = "<group>";
		};
		F58AF3832C9198E70045F209 /* Enum */ = {
			isa = PBXGroup;
			children = (
				F58AF3852C9199460045F209 /* Country.swift */,
				F58AF38B2C919AA60045F209 /* Tab.swift */,
				F58AF38D2C919F1B0045F209 /* HTTPError.swift */,
				F55DF7872C9390BC00EB1F75 /* SearchFilter.swift */,
			);
			path = Enum;
			sourceTree = "<group>";
		};
		F58AF3842C9198F20045F209 /* JsonFiles */ = {
			isa = PBXGroup;
			children = (
				F58030E92C905C3600CA4F2D /* ChartsDE.json */,
				F58AF3892C919A490045F209 /* ChartsUS.json */,
			);
			path = JsonFiles;
			sourceTree = "<group>";
		};
		F58AF3912C91BABF0045F209 /* Charts */ = {
			isa = PBXGroup;
			children = (
				F5B06FC92C8F0C1900F682FC /* ChartView.swift */,
			);
			path = Charts;
			sourceTree = "<group>";
		};
		F58AF3922C91BAD40045F209 /* Search */ = {
			isa = PBXGroup;
			children = (
				F58AF3932C91BB070045F209 /* SearchView.swift */,
			);
			path = Search;
			sourceTree = "<group>";
		};
		F5B06FAE2C8F0BE400F682FC = {
			isa = PBXGroup;
			children = (
				F5B06FB92C8F0BE400F682FC /* MusicPlayer */,
				F5B06FB82C8F0BE400F682FC /* Products */,
			);
			sourceTree = "<group>";
		};
		F5B06FB82C8F0BE400F682FC /* Products */ = {
			isa = PBXGroup;
			children = (
				F5B06FB72C8F0BE400F682FC /* MusicPlayer.app */,
			);
			name = Products;
			sourceTree = "<group>";
		};
		F5B06FB92C8F0BE400F682FC /* MusicPlayer */ = {
			isa = PBXGroup;
			children = (
				F5B06FBE2C8F0BE600F682FC /* Assets.xcassets */,
				F5B06FBA2C8F0BE400F682FC /* MusicPlayerApp.swift */,
				F58030BF2C902D7000CA4F2D /* Models */,
				F5B06FC82C8F0C0600F682FC /* Views */,
				F58AF3842C9198F20045F209 /* JsonFiles */,
				F58AF3822C9198D10045F209 /* Utilities */,
				F5B06FC02C8F0BE600F682FC /* Preview Content */,
			);
			path = MusicPlayer;
			sourceTree = "<group>";
		};
		F5B06FC02C8F0BE600F682FC /* Preview Content */ = {
			isa = PBXGroup;
			children = (
				F5B06FC12C8F0BE600F682FC /* Preview Assets.xcassets */,
			);
			path = "Preview Content";
			sourceTree = "<group>";
		};
		F5B06FC82C8F0C0600F682FC /* Views */ = {
			isa = PBXGroup;
			children = (
				F58AF38F2C91BA970045F209 /* NavigatorView.swift */,
				F58AF3912C91BABF0045F209 /* Charts */,
				F58AF3922C91BAD40045F209 /* Search */,
				F56056A72C9490FD004E5BAD /* Detail */,
				F55DF7812C93624100EB1F75 /* Components */,
			);
			path = Views;
			sourceTree = "<group>";
		};
/* End PBXGroup section */

/* Begin PBXNativeTarget section */
		F5B06FB62C8F0BE400F682FC /* MusicPlayer */ = {
			isa = PBXNativeTarget;
			buildConfigurationList = F5B06FC52C8F0BE600F682FC /* Build configuration list for PBXNativeTarget "MusicPlayer" */;
			buildPhases = (
				F5B06FB32C8F0BE400F682FC /* Sources */,
				F5B06FB42C8F0BE400F682FC /* Frameworks */,
				F5B06FB52C8F0BE400F682FC /* Resources */,
			);
			buildRules = (
			);
			dependencies = (
			);
			name = MusicPlayer;
			productName = MusicPlayer;
			productReference = F5B06FB72C8F0BE400F682FC /* MusicPlayer.app */;
			productType = "com.apple.product-type.application";
		};
/* End PBXNativeTarget section */

/* Begin PBXProject section */
		F5B06FAF2C8F0BE400F682FC /* Project object */ = {
			isa = PBXProject;
			attributes = {
				BuildIndependentTargetsInParallel = 1;
				LastSwiftUpdateCheck = 1540;
				LastUpgradeCheck = 1540;
				TargetAttributes = {
					F5B06FB62C8F0BE400F682FC = {
						CreatedOnToolsVersion = 15.4;
					};
				};
			};
			buildConfigurationList = F5B06FB22C8F0BE400F682FC /* Build configuration list for PBXProject "MusicPlayer" */;
			compatibilityVersion = "Xcode 14.0";
			developmentRegion = en;
			hasScannedForEncodings = 0;
			knownRegions = (
				en,
				Base,
			);
			mainGroup = F5B06FAE2C8F0BE400F682FC;
			productRefGroup = F5B06FB82C8F0BE400F682FC /* Products */;
			projectDirPath = "";
			projectRoot = "";
			targets = (
				F5B06FB62C8F0BE400F682FC /* MusicPlayer */,
			);
		};
/* End PBXProject section */

/* Begin PBXResourcesBuildPhase section */
		F5B06FB52C8F0BE400F682FC /* Resources */ = {
			isa = PBXResourcesBuildPhase;
			buildActionMask = 2147483647;
			files = (
				F5B06FC22C8F0BE600F682FC /* Preview Assets.xcassets in Resources */,
				F5B06FBF2C8F0BE600F682FC /* Assets.xcassets in Resources */,
				F58AF38A2C919A490045F209 /* ChartsUS.json in Resources */,
				F58030EA2C905C3600CA4F2D /* ChartsDE.json in Resources */,
			);
			runOnlyForDeploymentPostprocessing = 0;
		};
/* End PBXResourcesBuildPhase section */

/* Begin PBXSourcesBuildPhase section */
		F5B06FB32C8F0BE400F682FC /* Sources */ = {
			isa = PBXSourcesBuildPhase;
			buildActionMask = 2147483647;
			files = (
				F58AF3862C9199460045F209 /* Country.swift in Sources */,
				F5B06FCA2C8F0C1900F682FC /* ChartView.swift in Sources */,
				F58AF38C2C919AA60045F209 /* Tab.swift in Sources */,
				F58AF3902C91BA970045F209 /* NavigatorView.swift in Sources */,
				F55DF7832C9362F600EB1F75 /* ImageView.swift in Sources */,
				F58AF3942C91BB070045F209 /* SearchView.swift in Sources */,
				F5B06FBB2C8F0BE400F682FC /* MusicPlayerApp.swift in Sources */,
				F56056A52C943F1F004E5BAD /* SongDetailView.swift in Sources */,
				F55B9FA32C91DF1000BFE8B8 /* SearchResults.swift in Sources */,
				F55DF7882C9390BC00EB1F75 /* SearchFilter.swift in Sources */,
				F58AF38E2C919F1B0045F209 /* HTTPError.swift in Sources */,
				F58030E82C905B2D00CA4F2D /* Feed.swift in Sources */,
			);
			runOnlyForDeploymentPostprocessing = 0;
		};
/* End PBXSourcesBuildPhase section */

/* Begin XCBuildConfiguration section */
		F5B06FC32C8F0BE600F682FC /* Debug */ = {
			isa = XCBuildConfiguration;
			buildSettings = {
				ALWAYS_SEARCH_USER_PATHS = NO;
				ASSETCATALOG_COMPILER_GENERATE_SWIFT_ASSET_SYMBOL_EXTENSIONS = YES;
				CLANG_ANALYZER_NONNULL = YES;
				CLANG_ANALYZER_NUMBER_OBJECT_CONVERSION = YES_AGGRESSIVE;
				CLANG_CXX_LANGUAGE_STANDARD = "gnu++20";
				CLANG_ENABLE_MODULES = YES;
				CLANG_ENABLE_OBJC_ARC = YES;
				CLANG_ENABLE_OBJC_WEAK = YES;
				CLANG_WARN_BLOCK_CAPTURE_AUTORELEASING = YES;
				CLANG_WARN_BOOL_CONVERSION = YES;
				CLANG_WARN_COMMA = YES;
				CLANG_WARN_CONSTANT_CONVERSION = YES;
				CLANG_WARN_DEPRECATED_OBJC_IMPLEMENTATIONS = YES;
				CLANG_WARN_DIRECT_OBJC_ISA_USAGE = YES_ERROR;
				CLANG_WARN_DOCUMENTATION_COMMENTS = YES;
				CLANG_WARN_EMPTY_BODY = YES;
				CLANG_WARN_ENUM_CONVERSION = YES;
				CLANG_WARN_INFINITE_RECURSION = YES;
				CLANG_WARN_INT_CONVERSION = YES;
				CLANG_WARN_NON_LITERAL_NULL_CONVERSION = YES;
				CLANG_WARN_OBJC_IMPLICIT_RETAIN_SELF = YES;
				CLANG_WARN_OBJC_LITERAL_CONVERSION = YES;
				CLANG_WARN_OBJC_ROOT_CLASS = YES_ERROR;
				CLANG_WARN_QUOTED_INCLUDE_IN_FRAMEWORK_HEADER = YES;
				CLANG_WARN_RANGE_LOOP_ANALYSIS = YES;
				CLANG_WARN_STRICT_PROTOTYPES = YES;
				CLANG_WARN_SUSPICIOUS_MOVE = YES;
				CLANG_WARN_UNGUARDED_AVAILABILITY = YES_AGGRESSIVE;
				CLANG_WARN_UNREACHABLE_CODE = YES;
				CLANG_WARN__DUPLICATE_METHOD_MATCH = YES;
				COPY_PHASE_STRIP = NO;
				DEBUG_INFORMATION_FORMAT = dwarf;
				ENABLE_STRICT_OBJC_MSGSEND = YES;
				ENABLE_TESTABILITY = YES;
				ENABLE_USER_SCRIPT_SANDBOXING = YES;
				GCC_C_LANGUAGE_STANDARD = gnu17;
				GCC_DYNAMIC_NO_PIC = NO;
				GCC_NO_COMMON_BLOCKS = YES;
				GCC_OPTIMIZATION_LEVEL = 0;
				GCC_PREPROCESSOR_DEFINITIONS = (
					"DEBUG=1",
					"$(inherited)",
				);
				GCC_WARN_64_TO_32_BIT_CONVERSION = YES;
				GCC_WARN_ABOUT_RETURN_TYPE = YES_ERROR;
				GCC_WARN_UNDECLARED_SELECTOR = YES;
				GCC_WARN_UNINITIALIZED_AUTOS = YES_AGGRESSIVE;
				GCC_WARN_UNUSED_FUNCTION = YES;
				GCC_WARN_UNUSED_VARIABLE = YES;
				IPHONEOS_DEPLOYMENT_TARGET = 17.0;
				LOCALIZATION_PREFERS_STRING_CATALOGS = YES;
				MTL_ENABLE_DEBUG_INFO = INCLUDE_SOURCE;
				MTL_FAST_MATH = YES;
				ONLY_ACTIVE_ARCH = YES;
				SDKROOT = iphoneos;
				SWIFT_ACTIVE_COMPILATION_CONDITIONS = "DEBUG $(inherited)";
				SWIFT_OPTIMIZATION_LEVEL = "-Onone";
			};
			name = Debug;
		};
		F5B06FC42C8F0BE600F682FC /* Release */ = {
			isa = XCBuildConfiguration;
			buildSettings = {
				ALWAYS_SEARCH_USER_PATHS = NO;
				ASSETCATALOG_COMPILER_GENERATE_SWIFT_ASSET_SYMBOL_EXTENSIONS = YES;
				CLANG_ANALYZER_NONNULL = YES;
				CLANG_ANALYZER_NUMBER_OBJECT_CONVERSION = YES_AGGRESSIVE;
				CLANG_CXX_LANGUAGE_STANDARD = "gnu++20";
				CLANG_ENABLE_MODULES = YES;
				CLANG_ENABLE_OBJC_ARC = YES;
				CLANG_ENABLE_OBJC_WEAK = YES;
				CLANG_WARN_BLOCK_CAPTURE_AUTORELEASING = YES;
				CLANG_WARN_BOOL_CONVERSION = YES;
				CLANG_WARN_COMMA = YES;
				CLANG_WARN_CONSTANT_CONVERSION = YES;
				CLANG_WARN_DEPRECATED_OBJC_IMPLEMENTATIONS = YES;
				CLANG_WARN_DIRECT_OBJC_ISA_USAGE = YES_ERROR;
				CLANG_WARN_DOCUMENTATION_COMMENTS = YES;
				CLANG_WARN_EMPTY_BODY = YES;
				CLANG_WARN_ENUM_CONVERSION = YES;
				CLANG_WARN_INFINITE_RECURSION = YES;
				CLANG_WARN_INT_CONVERSION = YES;
				CLANG_WARN_NON_LITERAL_NULL_CONVERSION = YES;
				CLANG_WARN_OBJC_IMPLICIT_RETAIN_SELF = YES;
				CLANG_WARN_OBJC_LITERAL_CONVERSION = YES;
				CLANG_WARN_OBJC_ROOT_CLASS = YES_ERROR;
				CLANG_WARN_QUOTED_INCLUDE_IN_FRAMEWORK_HEADER = YES;
				CLANG_WARN_RANGE_LOOP_ANALYSIS = YES;
				CLANG_WARN_STRICT_PROTOTYPES = YES;
				CLANG_WARN_SUSPICIOUS_MOVE = YES;
				CLANG_WARN_UNGUARDED_AVAILABILITY = YES_AGGRESSIVE;
				CLANG_WARN_UNREACHABLE_CODE = YES;
				CLANG_WARN__DUPLICATE_METHOD_MATCH = YES;
				COPY_PHASE_STRIP = NO;
				DEBUG_INFORMATION_FORMAT = "dwarf-with-dsym";
				ENABLE_NS_ASSERTIONS = NO;
				ENABLE_STRICT_OBJC_MSGSEND = YES;
				ENABLE_USER_SCRIPT_SANDBOXING = YES;
				GCC_C_LANGUAGE_STANDARD = gnu17;
				GCC_NO_COMMON_BLOCKS = YES;
				GCC_WARN_64_TO_32_BIT_CONVERSION = YES;
				GCC_WARN_ABOUT_RETURN_TYPE = YES_ERROR;
				GCC_WARN_UNDECLARED_SELECTOR = YES;
				GCC_WARN_UNINITIALIZED_AUTOS = YES_AGGRESSIVE;
				GCC_WARN_UNUSED_FUNCTION = YES;
				GCC_WARN_UNUSED_VARIABLE = YES;
				IPHONEOS_DEPLOYMENT_TARGET = 17.0;
				LOCALIZATION_PREFERS_STRING_CATALOGS = YES;
				MTL_ENABLE_DEBUG_INFO = NO;
				MTL_FAST_MATH = YES;
				SDKROOT = iphoneos;
				SWIFT_COMPILATION_MODE = wholemodule;
				VALIDATE_PRODUCT = YES;
			};
			name = Release;
		};
		F5B06FC62C8F0BE600F682FC /* Debug */ = {
			isa = XCBuildConfiguration;
			buildSettings = {
				ASSETCATALOG_COMPILER_APPICON_NAME = AppIcon;
				ASSETCATALOG_COMPILER_GLOBAL_ACCENT_COLOR_NAME = AccentColor;
				CODE_SIGN_STYLE = Automatic;
				CURRENT_PROJECT_VERSION = 1;
				DEVELOPMENT_ASSET_PATHS = "\"MusicPlayer/Preview Content\"";
				ENABLE_PREVIEWS = YES;
				GENERATE_INFOPLIST_FILE = YES;
				INFOPLIST_KEY_UIApplicationSceneManifest_Generation = YES;
				INFOPLIST_KEY_UIApplicationSupportsIndirectInputEvents = YES;
				INFOPLIST_KEY_UILaunchScreen_Generation = YES;
				INFOPLIST_KEY_UISupportedInterfaceOrientations = UIInterfaceOrientationPortrait;
				INFOPLIST_KEY_UISupportedInterfaceOrientations_iPad = "UIInterfaceOrientationLandscapeLeft UIInterfaceOrientationLandscapeRight UIInterfaceOrientationPortrait UIInterfaceOrientationPortraitUpsideDown";
				IPHONEOS_DEPLOYMENT_TARGET = 17.0;
				LD_RUNPATH_SEARCH_PATHS = (
					"$(inherited)",
					"@executable_path/Frameworks",
				);
				MARKETING_VERSION = 1.0;
				PRODUCT_BUNDLE_IDENTIFIER = "de.syntax-institut.MusicPlayer";
				PRODUCT_NAME = "$(TARGET_NAME)";
				SUPPORTED_PLATFORMS = "iphoneos iphonesimulator";
				SUPPORTS_MACCATALYST = NO;
				SUPPORTS_MAC_DESIGNED_FOR_IPHONE_IPAD = NO;
				SUPPORTS_XR_DESIGNED_FOR_IPHONE_IPAD = NO;
				SWIFT_EMIT_LOC_STRINGS = YES;
				SWIFT_VERSION = 5.0;
				TARGETED_DEVICE_FAMILY = 1;
			};
			name = Debug;
		};
		F5B06FC72C8F0BE600F682FC /* Release */ = {
			isa = XCBuildConfiguration;
			buildSettings = {
				ASSETCATALOG_COMPILER_APPICON_NAME = AppIcon;
				ASSETCATALOG_COMPILER_GLOBAL_ACCENT_COLOR_NAME = AccentColor;
				CODE_SIGN_STYLE = Automatic;
				CURRENT_PROJECT_VERSION = 1;
				DEVELOPMENT_ASSET_PATHS = "\"MusicPlayer/Preview Content\"";
				ENABLE_PREVIEWS = YES;
				GENERATE_INFOPLIST_FILE = YES;
				INFOPLIST_KEY_UIApplicationSceneManifest_Generation = YES;
				INFOPLIST_KEY_UIApplicationSupportsIndirectInputEvents = YES;
				INFOPLIST_KEY_UILaunchScreen_Generation = YES;
				INFOPLIST_KEY_UISupportedInterfaceOrientations = UIInterfaceOrientationPortrait;
				INFOPLIST_KEY_UISupportedInterfaceOrientations_iPad = "UIInterfaceOrientationLandscapeLeft UIInterfaceOrientationLandscapeRight UIInterfaceOrientationPortrait UIInterfaceOrientationPortraitUpsideDown";
				IPHONEOS_DEPLOYMENT_TARGET = 17.0;
				LD_RUNPATH_SEARCH_PATHS = (
					"$(inherited)",
					"@executable_path/Frameworks",
				);
				MARKETING_VERSION = 1.0;
				PRODUCT_BUNDLE_IDENTIFIER = "de.syntax-institut.MusicPlayer";
				PRODUCT_NAME = "$(TARGET_NAME)";
				SUPPORTED_PLATFORMS = "iphoneos iphonesimulator";
				SUPPORTS_MACCATALYST = NO;
				SUPPORTS_MAC_DESIGNED_FOR_IPHONE_IPAD = NO;
				SUPPORTS_XR_DESIGNED_FOR_IPHONE_IPAD = NO;
				SWIFT_EMIT_LOC_STRINGS = YES;
				SWIFT_VERSION = 5.0;
				TARGETED_DEVICE_FAMILY = 1;
			};
			name = Release;
		};
/* End XCBuildConfiguration section */

/* Begin XCConfigurationList section */
		F5B06FB22C8F0BE400F682FC /* Build configuration list for PBXProject "MusicPlayer" */ = {
			isa = XCConfigurationList;
			buildConfigurations = (
				F5B06FC32C8F0BE600F682FC /* Debug */,
				F5B06FC42C8F0BE600F682FC /* Release */,
			);
			defaultConfigurationIsVisible = 0;
			defaultConfigurationName = Release;
		};
		F5B06FC52C8F0BE600F682FC /* Build configuration list for PBXNativeTarget "MusicPlayer" */ = {
			isa = XCConfigurationList;
			buildConfigurations = (
				F5B06FC62C8F0BE600F682FC /* Debug */,
				F5B06FC72C8F0BE600F682FC /* Release */,
			);
			defaultConfigurationIsVisible = 0;
			defaultConfigurationName = Release;
		};
/* End XCConfigurationList section */
	};
	rootObject = F5B06FAF2C8F0BE400F682FC /* Project object */;
}
